
Microsoft Visual Studio Solution File, Format Version 12.00
# Visual Studio Version 17
VisualStudioVersion = 17.4.33205.214
MinimumVisualStudioVersion = 10.0.40219.1
Project("{FAE04EC0-301F-11D3-BF4B-00C04F79EFBC}") = "EmployeeManagentWebApplication", "EmployeeManagentWebApplication\EmployeeManagentWebApplication.csproj", "{F21DA03E-531F-4869-99ED-EC3AC0C2B68C}"
EndProject
Global
	GlobalSection(SolutionConfigurationPlatforms) = preSolution
		Debug|Any CPU = Debug|Any CPU
		Release|Any CPU = Release|Any CPU
	EndGlobalSection
	GlobalSection(ProjectConfigurationPlatforms) = postSolution
		{F21DA03E-531F-4869-99ED-EC3AC0C2B68C}.Debug|Any CPU.ActiveCfg = Debug|Any CPU
		{F21DA03E-531F-4869-99ED-EC3AC0C2B68C}.Debug|Any CPU.Build.0 = Debug|Any CPU
		{F21DA03E-531F-4869-99ED-EC3AC0C2B68C}.Release|Any CPU.ActiveCfg = Release|Any CPU
		{F21DA03E-531F-4869-99ED-EC3AC0C2B68C}.Release|Any CPU.Build.0 = Release|Any CPU
	EndGlobalSection
	GlobalSection(SolutionProperties) = preSolution
		HideSolutionNode = FALSE
	EndGlobalSection
	GlobalSection(ExtensibilityGlobals) = postSolution
		SolutionGuid = {F4FF2303-CC56-4283-9346-BD7D81B02C11}
	EndGlobalSection
EndGlobal
